
Microsoft Visual Studio Solution File, Format Version 12.00
# Visual Studio 15
Project("{FAE04EC0-301F-11D3-BF4B-00C04F79EFBC}") = "HTTPChallenge", "HTTPChallenge\HTTPChallenge.csproj", "{6673383E-2B3C-447D-AEBD-3A6D36B3EB36}"
EndProject
Project("{FAE04EC0-301F-11D3-BF4B-00C04F79EFBC}") = "HTTPTraining", "HTTPTraining\HTTPTraining.csproj", "{F30F910E-EA8B-4608-BF12-0225F0D97761}"
EndProject
Global
	GlobalSection(SolutionConfigurationPlatforms) = preSolution
		Debug|Any CPU = Debug|Any CPU
		Release|Any CPU = Release|Any CPU
	EndGlobalSection
	GlobalSection(ProjectConfigurationPlatforms) = postSolution
		{6673383E-2B3C-447D-AEBD-3A6D36B3EB36}.Debug|Any CPU.ActiveCfg = Debug|Any CPU
		{6673383E-2B3C-447D-AEBD-3A6D36B3EB36}.Debug|Any CPU.Build.0 = Debug|Any CPU
		{6673383E-2B3C-447D-AEBD-3A6D36B3EB36}.Release|Any CPU.ActiveCfg = Release|Any CPU
		{6673383E-2B3C-447D-AEBD-3A6D36B3EB36}.Release|Any CPU.Build.0 = Release|Any CPU
		{F30F910E-EA8B-4608-BF12-0225F0D97761}.Debug|Any CPU.ActiveCfg = Debug|Any CPU
		{F30F910E-EA8B-4608-BF12-0225F0D97761}.Debug|Any CPU.Build.0 = Debug|Any CPU
		{F30F910E-EA8B-4608-BF12-0225F0D97761}.Release|Any CPU.ActiveCfg = Release|Any CPU
		{F30F910E-EA8B-4608-BF12-0225F0D97761}.Release|Any CPU.Build.0 = Release|Any CPU
	EndGlobalSection
EndGlobal
